PODS:
  - BezierRefreshControl (1.0.0)
  - Nimble (5.1.1)
  - Quick (1.0.0)

DEPENDENCIES:
  - BezierRefreshControl (from `../`)
  - Nimble (~> 5.1.1)
  - Quick (~> 1.0.0)

EXTERNAL SOURCES:
  BezierRefreshControl:
    :path: "../"

SPEC CHECKSUMS:
  BezierRefreshControl: 4b295b8c491ed73829394be955f68d44dbfa0f7f
  Nimble: 415e3aa3267e7bc2c96b05fa814ddea7bb686a29
  Quick: 8024e4a47e6cc03a9d5245ef0948264fc6d27cff

PODFILE CHECKSUM: 1ba56239f8a4f52be0e7c3bcb60ce410f52ab9b2

COCOAPODS: 1.2.1
